
Microsoft Visual Studio Solution File, Format Version 12.00
# Visual Studio Version 17
VisualStudioVersion = 17.11.35222.181
MinimumVisualStudioVersion = 10.0.40219.1
Project("{9A19103F-16F7-4668-BE54-9A1E7A4F7556}") = "Inspector_CurrentJson", "Inspector_CurrentJson\Inspector_CurrentJson.csproj", "{AB345051-8E93-4144-996E-36335522CB53}"
EndProject
Project("{9A19103F-16F7-4668-BE54-9A1E7A4F7556}") = "Inspector_NewStruct", "Inspector_NewStruct\Inspector_NewStruct.csproj", "{33B9588F-74D9-4C91-A0FC-D6712A68893B}"
EndProject
Project("{9A19103F-16F7-4668-BE54-9A1E7A4F7556}") = "Inspector_SimpleStruct", "Inspector_SimpleStruct\Inspector_SimpleStruct.csproj", "{377281CA-EC62-442E-8B25-AC35D233A6B7}"
EndProject
Global
	GlobalSection(SolutionConfigurationPlatforms) = preSolution
		Debug|Any CPU = Debug|Any CPU
		Release|Any CPU = Release|Any CPU
	EndGlobalSection
	GlobalSection(ProjectConfigurationPlatforms) = postSolution
		{AB345051-8E93-4144-996E-36335522CB53}.Debug|Any CPU.ActiveCfg = Debug|Any CPU
		{AB345051-8E93-4144-996E-36335522CB53}.Debug|Any CPU.Build.0 = Debug|Any CPU
		{AB345051-8E93-4144-996E-36335522CB53}.Release|Any CPU.ActiveCfg = Release|Any CPU
		{AB345051-8E93-4144-996E-36335522CB53}.Release|Any CPU.Build.0 = Release|Any CPU
		{33B9588F-74D9-4C91-A0FC-D6712A68893B}.Debug|Any CPU.ActiveCfg = Debug|Any CPU
		{33B9588F-74D9-4C91-A0FC-D6712A68893B}.Debug|Any CPU.Build.0 = Debug|Any CPU
		{33B9588F-74D9-4C91-A0FC-D6712A68893B}.Release|Any CPU.ActiveCfg = Release|Any CPU
		{33B9588F-74D9-4C91-A0FC-D6712A68893B}.Release|Any CPU.Build.0 = Release|Any CPU
		{377281CA-EC62-442E-8B25-AC35D233A6B7}.Debug|Any CPU.ActiveCfg = Debug|Any CPU
		{377281CA-EC62-442E-8B25-AC35D233A6B7}.Debug|Any CPU.Build.0 = Debug|Any CPU
		{377281CA-EC62-442E-8B25-AC35D233A6B7}.Release|Any CPU.ActiveCfg = Release|Any CPU
		{377281CA-EC62-442E-8B25-AC35D233A6B7}.Release|Any CPU.Build.0 = Release|Any CPU
	EndGlobalSection
	GlobalSection(SolutionProperties) = preSolution
		HideSolutionNode = FALSE
	EndGlobalSection
	GlobalSection(ExtensibilityGlobals) = postSolution
		SolutionGuid = {9D6806FE-94C5-4A14-8A9B-28FCF062353F}
	EndGlobalSection
EndGlobal
